
Microsoft Visual Studio Solution File, Format Version 12.00
# Visual Studio 14
VisualStudioVersion = 14.0.24720.0
MinimumVisualStudioVersion = 10.0.40219.1
Project("{FAE04EC0-301F-11D3-BF4B-00C04F79EFBC}") = "ARPLogistic", "ARPLogistic\ARPLogistic.csproj", "{DCA5086E-D775-41BA-AA11-98EEAA3E0347}"
EndProject
Project("{FAE04EC0-301F-11D3-BF4B-00C04F79EFBC}") = "ARPLogistic_BE", "ARPLogistic_BE\ARPLogistic_BE.csproj", "{26314EA6-931F-44C7-8A73-61274D7A2774}"
EndProject
Global
	GlobalSection(SolutionConfigurationPlatforms) = preSolution
		Debug|Any CPU = Debug|Any CPU
		Release|Any CPU = Release|Any CPU
	EndGlobalSection
	GlobalSection(ProjectConfigurationPlatforms) = postSolution
		{DCA5086E-D775-41BA-AA11-98EEAA3E0347}.Debug|Any CPU.ActiveCfg = Debug|Any CPU
		{DCA5086E-D775-41BA-AA11-98EEAA3E0347}.Debug|Any CPU.Build.0 = Debug|Any CPU
		{DCA5086E-D775-41BA-AA11-98EEAA3E0347}.Release|Any CPU.ActiveCfg = Release|Any CPU
		{DCA5086E-D775-41BA-AA11-98EEAA3E0347}.Release|Any CPU.Build.0 = Release|Any CPU
		{26314EA6-931F-44C7-8A73-61274D7A2774}.Debug|Any CPU.ActiveCfg = Debug|Any CPU
		{26314EA6-931F-44C7-8A73-61274D7A2774}.Debug|Any CPU.Build.0 = Debug|Any CPU
		{26314EA6-931F-44C7-8A73-61274D7A2774}.Release|Any CPU.ActiveCfg = Release|Any CPU
		{26314EA6-931F-44C7-8A73-61274D7A2774}.Release|Any CPU.Build.0 = Release|Any CPU
	EndGlobalSection
	GlobalSection(SolutionProperties) = preSolution
		HideSolutionNode = FALSE
	EndGlobalSection
EndGlobal
